
Microsoft Visual Studio Solution File, Format Version 12.00
# Visual Studio Version 17
VisualStudioVersion = 17.1.32421.90
MinimumVisualStudioVersion = 10.0.40219.1
Project("{FAE04EC0-301F-11D3-BF4B-00C04F79EFBC}") = "HomeWork(diagram)", "HomeWork(diagram)\HomeWork(diagram).csproj", "{20FC93E8-E831-47FA-A8E6-92352D0086ED}"
EndProject
Global
	GlobalSection(SolutionConfigurationPlatforms) = preSolution
		Debug|Any CPU = Debug|Any CPU
		Release|Any CPU = Release|Any CPU
	EndGlobalSection
	GlobalSection(ProjectConfigurationPlatforms) = postSolution
		{20FC93E8-E831-47FA-A8E6-92352D0086ED}.Debug|Any CPU.ActiveCfg = Debug|Any CPU
		{20FC93E8-E831-47FA-A8E6-92352D0086ED}.Debug|Any CPU.Build.0 = Debug|Any CPU
		{20FC93E8-E831-47FA-A8E6-92352D0086ED}.Release|Any CPU.ActiveCfg = Release|Any CPU
		{20FC93E8-E831-47FA-A8E6-92352D0086ED}.Release|Any CPU.Build.0 = Release|Any CPU
	EndGlobalSection
	GlobalSection(SolutionProperties) = preSolution
		HideSolutionNode = FALSE
	EndGlobalSection
	GlobalSection(ExtensibilityGlobals) = postSolution
		SolutionGuid = {9DC69028-F1DD-44F6-B07E-2829B1731EBF}
	EndGlobalSection
EndGlobal
